
Microsoft Visual Studio Solution File, Format Version 12.00
# Visual Studio Version 16
VisualStudioVersion = 16.0.31112.23
MinimumVisualStudioVersion = 10.0.40219.1
Project("{9A19103F-16F7-4668-BE54-9A1E7A4F7556}") = "AbiCALC", "AbiCALC\AbiCALC.csproj", "{24EEB310-7CF7-4826-AC3C-B4B6ABB93063}"
EndProject
Project("{FAE04EC0-301F-11D3-BF4B-00C04F79EFBC}") = "Tests", "Tests\Tests.csproj", "{BB55AB0E-85BA-4550-9104-2B118D7DAC03}"
EndProject
Global
	GlobalSection(SolutionConfigurationPlatforms) = preSolution
		Debug|Any CPU = Debug|Any CPU
		Release|Any CPU = Release|Any CPU
	EndGlobalSection
	GlobalSection(ProjectConfigurationPlatforms) = postSolution
		{24EEB310-7CF7-4826-AC3C-B4B6ABB93063}.Debug|Any CPU.ActiveCfg = Debug|Any CPU
		{24EEB310-7CF7-4826-AC3C-B4B6ABB93063}.Debug|Any CPU.Build.0 = Debug|Any CPU
		{24EEB310-7CF7-4826-AC3C-B4B6ABB93063}.Release|Any CPU.ActiveCfg = Release|Any CPU
		{24EEB310-7CF7-4826-AC3C-B4B6ABB93063}.Release|Any CPU.Build.0 = Release|Any CPU
		{BB55AB0E-85BA-4550-9104-2B118D7DAC03}.Debug|Any CPU.ActiveCfg = Debug|Any CPU
		{BB55AB0E-85BA-4550-9104-2B118D7DAC03}.Debug|Any CPU.Build.0 = Debug|Any CPU
		{BB55AB0E-85BA-4550-9104-2B118D7DAC03}.Release|Any CPU.ActiveCfg = Release|Any CPU
		{BB55AB0E-85BA-4550-9104-2B118D7DAC03}.Release|Any CPU.Build.0 = Release|Any CPU
	EndGlobalSection
	GlobalSection(SolutionProperties) = preSolution
		HideSolutionNode = FALSE
	EndGlobalSection
	GlobalSection(ExtensibilityGlobals) = postSolution
		SolutionGuid = {A4A7CDA0-25EB-4595-9D4F-5CC2AF448F2C}
	EndGlobalSection
EndGlobal
